
Microsoft Visual Studio Solution File, Format Version 12.00
# Visual Studio Version 17
VisualStudioVersion = 17.4.33213.308
MinimumVisualStudioVersion = 10.0.40219.1
Project("{FAE04EC0-301F-11D3-BF4B-00C04F79EFBC}") = "WebApp_ClinicalManagement", "WebApp_ClinicalManagement\WebApp_ClinicalManagement.csproj", "{F3968ED4-8903-40A8-832E-1CB3B0A1D5BD}"
EndProject
Global
	GlobalSection(SolutionConfigurationPlatforms) = preSolution
		Debug|Any CPU = Debug|Any CPU
		Release|Any CPU = Release|Any CPU
	EndGlobalSection
	GlobalSection(ProjectConfigurationPlatforms) = postSolution
		{F3968ED4-8903-40A8-832E-1CB3B0A1D5BD}.Debug|Any CPU.ActiveCfg = Debug|Any CPU
		{F3968ED4-8903-40A8-832E-1CB3B0A1D5BD}.Debug|Any CPU.Build.0 = Debug|Any CPU
		{F3968ED4-8903-40A8-832E-1CB3B0A1D5BD}.Release|Any CPU.ActiveCfg = Release|Any CPU
		{F3968ED4-8903-40A8-832E-1CB3B0A1D5BD}.Release|Any CPU.Build.0 = Release|Any CPU
	EndGlobalSection
	GlobalSection(SolutionProperties) = preSolution
		HideSolutionNode = FALSE
	EndGlobalSection
	GlobalSection(ExtensibilityGlobals) = postSolution
		SolutionGuid = {FB3905FF-585D-485B-BB87-093720055669}
	EndGlobalSection
EndGlobal
